
Microsoft Visual Studio Solution File, Format Version 12.00
# Visual Studio 15
VisualStudioVersion = 15.0.28010.2036
MinimumVisualStudioVersion = 10.0.40219.1
Project("{FAE04EC0-301F-11D3-BF4B-00C04F79EFBC}") = "SliderConsole", "SliderConsole\SliderConsole.csproj", "{000A9D1E-44C6-4754-97E6-DC6E0BE46E84}"
EndProject
Global
	GlobalSection(SolutionConfigurationPlatforms) = preSolution
		Debug|Any CPU = Debug|Any CPU
		Release|Any CPU = Release|Any CPU
	EndGlobalSection
	GlobalSection(ProjectConfigurationPlatforms) = postSolution
		{000A9D1E-44C6-4754-97E6-DC6E0BE46E84}.Debug|Any CPU.ActiveCfg = Debug|Any CPU
		{000A9D1E-44C6-4754-97E6-DC6E0BE46E84}.Debug|Any CPU.Build.0 = Debug|Any CPU
		{000A9D1E-44C6-4754-97E6-DC6E0BE46E84}.Release|Any CPU.ActiveCfg = Release|Any CPU
		{000A9D1E-44C6-4754-97E6-DC6E0BE46E84}.Release|Any CPU.Build.0 = Release|Any CPU
	EndGlobalSection
	GlobalSection(SolutionProperties) = preSolution
		HideSolutionNode = FALSE
	EndGlobalSection
	GlobalSection(ExtensibilityGlobals) = postSolution
		SolutionGuid = {4D15BF71-A25B-46EF-9AB4-A3DB7A0F181E}
	EndGlobalSection
EndGlobal
